
Microsoft Visual Studio Solution File, Format Version 12.00
# Visual Studio Version 17
VisualStudioVersion = 17.2.32414.248
MinimumVisualStudioVersion = 10.0.40219.1
Project("{FAE04EC0-301F-11D3-BF4B-00C04F79EFBC}") = "ETL", "ETL\ETL.csproj", "{AFDC09B4-2C31-4C25-9773-E08AD96994A4}"
EndProject
Project("{FAE04EC0-301F-11D3-BF4B-00C04F79EFBC}") = "Core", "Core\Core.csproj", "{7BDA72AD-6336-4AD2-A274-9FEDC4EC7A3B}"
EndProject
Project("{FAE04EC0-301F-11D3-BF4B-00C04F79EFBC}") = "Domain", "Domain\Domain.csproj", "{F091A429-7222-4879-8C5F-0F662CA72BA3}"
EndProject
Project("{FAE04EC0-301F-11D3-BF4B-00C04F79EFBC}") = "Infrastructure", "Infrastructure\Infrastructure.csproj", "{7C57E8B2-80F0-4581-B097-07A778A53D12}"
EndProject
Project("{FAE04EC0-301F-11D3-BF4B-00C04F79EFBC}") = "Core.Shared", "Core.Shared\Core.Shared.csproj", "{EA748253-2F60-42BE-90E6-9A1B61A18FCA}"
EndProject
Global
	GlobalSection(SolutionConfigurationPlatforms) = preSolution
		Debug|Any CPU = Debug|Any CPU
		Release|Any CPU = Release|Any CPU
	EndGlobalSection
	GlobalSection(ProjectConfigurationPlatforms) = postSolution
		{AFDC09B4-2C31-4C25-9773-E08AD96994A4}.Debug|Any CPU.ActiveCfg = Debug|Any CPU
		{AFDC09B4-2C31-4C25-9773-E08AD96994A4}.Debug|Any CPU.Build.0 = Debug|Any CPU
		{AFDC09B4-2C31-4C25-9773-E08AD96994A4}.Release|Any CPU.ActiveCfg = Release|Any CPU
		{AFDC09B4-2C31-4C25-9773-E08AD96994A4}.Release|Any CPU.Build.0 = Release|Any CPU
		{7BDA72AD-6336-4AD2-A274-9FEDC4EC7A3B}.Debug|Any CPU.ActiveCfg = Debug|Any CPU
		{7BDA72AD-6336-4AD2-A274-9FEDC4EC7A3B}.Debug|Any CPU.Build.0 = Debug|Any CPU
		{7BDA72AD-6336-4AD2-A274-9FEDC4EC7A3B}.Release|Any CPU.ActiveCfg = Release|Any CPU
		{7BDA72AD-6336-4AD2-A274-9FEDC4EC7A3B}.Release|Any CPU.Build.0 = Release|Any CPU
		{F091A429-7222-4879-8C5F-0F662CA72BA3}.Debug|Any CPU.ActiveCfg = Debug|Any CPU
		{F091A429-7222-4879-8C5F-0F662CA72BA3}.Debug|Any CPU.Build.0 = Debug|Any CPU
		{F091A429-7222-4879-8C5F-0F662CA72BA3}.Release|Any CPU.ActiveCfg = Release|Any CPU
		{F091A429-7222-4879-8C5F-0F662CA72BA3}.Release|Any CPU.Build.0 = Release|Any CPU
		{7C57E8B2-80F0-4581-B097-07A778A53D12}.Debug|Any CPU.ActiveCfg = Debug|Any CPU
		{7C57E8B2-80F0-4581-B097-07A778A53D12}.Debug|Any CPU.Build.0 = Debug|Any CPU
		{7C57E8B2-80F0-4581-B097-07A778A53D12}.Release|Any CPU.ActiveCfg = Release|Any CPU
		{7C57E8B2-80F0-4581-B097-07A778A53D12}.Release|Any CPU.Build.0 = Release|Any CPU
		{EA748253-2F60-42BE-90E6-9A1B61A18FCA}.Debug|Any CPU.ActiveCfg = Debug|Any CPU
		{EA748253-2F60-42BE-90E6-9A1B61A18FCA}.Debug|Any CPU.Build.0 = Debug|Any CPU
		{EA748253-2F60-42BE-90E6-9A1B61A18FCA}.Release|Any CPU.ActiveCfg = Release|Any CPU
		{EA748253-2F60-42BE-90E6-9A1B61A18FCA}.Release|Any CPU.Build.0 = Release|Any CPU
	EndGlobalSection
	GlobalSection(SolutionProperties) = preSolution
		HideSolutionNode = FALSE
	EndGlobalSection
	GlobalSection(ExtensibilityGlobals) = postSolution
		SolutionGuid = {07A771ED-2E8E-462C-8EB6-A6D764BBA770}
	EndGlobalSection
EndGlobal
